
Microsoft Visual Studio Solution File, Format Version 12.00
# Visual Studio Version 17
VisualStudioVersion = 17.6.33723.286
MinimumVisualStudioVersion = 10.0.40219.1
Project("{FAE04EC0-301F-11D3-BF4B-00C04F79EFBC}") = "BestRust", "BestRust\BestRust.csproj", "{0287BCB3-107C-492A-A244-C3E11D086E8A}"
EndProject
Global
	GlobalSection(SolutionConfigurationPlatforms) = preSolution
		Debug|Any CPU = Debug|Any CPU
		Release|Any CPU = Release|Any CPU
	EndGlobalSection
	GlobalSection(ProjectConfigurationPlatforms) = postSolution
		{0287BCB3-107C-492A-A244-C3E11D086E8A}.Debug|Any CPU.ActiveCfg = Debug|Any CPU
		{0287BCB3-107C-492A-A244-C3E11D086E8A}.Debug|Any CPU.Build.0 = Debug|Any CPU
		{0287BCB3-107C-492A-A244-C3E11D086E8A}.Release|Any CPU.ActiveCfg = Release|Any CPU
		{0287BCB3-107C-492A-A244-C3E11D086E8A}.Release|Any CPU.Build.0 = Release|Any CPU
	EndGlobalSection
	GlobalSection(SolutionProperties) = preSolution
		HideSolutionNode = FALSE
	EndGlobalSection
	GlobalSection(ExtensibilityGlobals) = postSolution
		SolutionGuid = {2688A5E4-3C7D-4F42-9048-5804490BA805}
	EndGlobalSection
EndGlobal
